
Microsoft Visual Studio Solution File, Format Version 12.00
# Visual Studio 15
Project("{FAE04EC0-301F-11D3-BF4B-00C04F79EFBC}") = "Tests2", "Tests2.csproj", "{14C53362-749C-6BD8-2EED-640261FA36A4}"
EndProject
Project("{FAE04EC0-301F-11D3-BF4B-00C04F79EFBC}") = "Scripts", "Scripts.csproj", "{47DA16F5-0C57-99F8-3FF2-B011C954C3C0}"
EndProject
Project("{FAE04EC0-301F-11D3-BF4B-00C04F79EFBC}") = "Tests", "Tests.csproj", "{2CCF0FB4-80A7-1B2A-8A68-45527EBCA8EF}"
EndProject
Global
	GlobalSection(SolutionConfigurationPlatforms) = preSolution
		Debug|Any CPU = Debug|Any CPU
		Release|Any CPU = Release|Any CPU
	EndGlobalSection
	GlobalSection(ProjectConfigurationPlatforms) = postSolution
		{14C53362-749C-6BD8-2EED-640261FA36A4}.Debug|Any CPU.ActiveCfg = Debug|Any CPU
		{14C53362-749C-6BD8-2EED-640261FA36A4}.Debug|Any CPU.Build.0 = Debug|Any CPU
		{14C53362-749C-6BD8-2EED-640261FA36A4}.Release|Any CPU.ActiveCfg = Release|Any CPU
		{14C53362-749C-6BD8-2EED-640261FA36A4}.Release|Any CPU.Build.0 = Release|Any CPU
		{47DA16F5-0C57-99F8-3FF2-B011C954C3C0}.Debug|Any CPU.ActiveCfg = Debug|Any CPU
		{47DA16F5-0C57-99F8-3FF2-B011C954C3C0}.Debug|Any CPU.Build.0 = Debug|Any CPU
		{47DA16F5-0C57-99F8-3FF2-B011C954C3C0}.Release|Any CPU.ActiveCfg = Release|Any CPU
		{47DA16F5-0C57-99F8-3FF2-B011C954C3C0}.Release|Any CPU.Build.0 = Release|Any CPU
		{2CCF0FB4-80A7-1B2A-8A68-45527EBCA8EF}.Debug|Any CPU.ActiveCfg = Debug|Any CPU
		{2CCF0FB4-80A7-1B2A-8A68-45527EBCA8EF}.Debug|Any CPU.Build.0 = Debug|Any CPU
		{2CCF0FB4-80A7-1B2A-8A68-45527EBCA8EF}.Release|Any CPU.ActiveCfg = Release|Any CPU
		{2CCF0FB4-80A7-1B2A-8A68-45527EBCA8EF}.Release|Any CPU.Build.0 = Release|Any CPU
	EndGlobalSection
	GlobalSection(SolutionProperties) = preSolution
		HideSolutionNode = FALSE
	EndGlobalSection
EndGlobal
